// !$*UTF8*$!
{
	archiveVersion = 1;
	classes = {
	};
	objectVersion = 51;
	objects = {

/* Begin PBXBuildFile section */
		7E268B4B24DCA03B0071BF3B /* AppDelegate.swift in Sources */ = {isa = PBXBuildFile; fileRef = 7E268B4A24DCA03B0071BF3B /* AppDelegate.swift */; };
		7E268B4D24DCA03B0071BF3B /* SceneDelegate.swift in Sources */ = {isa = PBXBuildFile; fileRef = 7E268B4C24DCA03B0071BF3B /* SceneDelegate.swift */; };
		7E268B5224DCA03B0071BF3B /* Main.storyboard in Resources */ = {isa = PBXBuildFile; fileRef = 7E268B5024DCA03B0071BF3B /* Main.storyboard */; };
		7E268B5424DCA03F0071BF3B /* Assets.xcassets in Resources */ = {isa = PBXBuildFile; fileRef = 7E268B5324DCA03F0071BF3B /* Assets.xcassets */; };
		7E268B5724DCA03F0071BF3B /* LaunchScreen.storyboard in Resources */ = {isa = PBXBuildFile; fileRef = 7E268B5524DCA03F0071BF3B /* LaunchScreen.storyboard */; };
		7E268B6024DCA8E10071BF3B /* Services.swift in Sources */ = {isa = PBXBuildFile; fileRef = 7E268B5F24DCA8E10071BF3B /* Services.swift */; };
		7E268B8624DCB9910071BF3B /* ModelMeta.swift in Sources */ = {isa = PBXBuildFile; fileRef = 7E268B7B24DCB9900071BF3B /* ModelMeta.swift */; };
		7E268B8924DCB9910071BF3B /* ModelData.swift in Sources */ = {isa = PBXBuildFile; fileRef = 7E268B7E24DCB9910071BF3B /* ModelData.swift */; };
		7E268B8D24DCB9910071BF3B /* ModelRandom.swift in Sources */ = {isa = PBXBuildFile; fileRef = 7E268B8224DCB9910071BF3B /* ModelRandom.swift */; };
		7E268B8E24DCB9910071BF3B /* ModelImage.swift in Sources */ = {isa = PBXBuildFile; fileRef = 7E268B8324DCB9910071BF3B /* ModelImage.swift */; };
		7E268B9124DCBB2D0071BF3B /* Constant.swift in Sources */ = {isa = PBXBuildFile; fileRef = 7E268B9024DCBB2D0071BF3B /* Constant.swift */; };
		7E268B9324DCE1CE0071BF3B /* FirstViewController.swift in Sources */ = {isa = PBXBuildFile; fileRef = 7E268B9224DCE1CE0071BF3B /* FirstViewController.swift */; };
		7E268B9724DCF5E40071BF3B /* Kingfisher.framework in Frameworks */ = {isa = PBXBuildFile; fileRef = 7E268B9624DCF5E40071BF3B /* Kingfisher.framework */; };
		7E268B9C24DE19A20071BF3B /* FirstViewModel.swift in Sources */ = {isa = PBXBuildFile; fileRef = 7E268B9B24DE19A20071BF3B /* FirstViewModel.swift */; };
		7E268BBC24DE2EFB0071BF3B /* ModelFixedHeight.swift in Sources */ = {isa = PBXBuildFile; fileRef = 7E268BBB24DE2EFA0071BF3B /* ModelFixedHeight.swift */; };
		7E268BCC24DE307E0071BF3B /* ModelSearchData.swift in Sources */ = {isa = PBXBuildFile; fileRef = 7E268BBE24DE307D0071BF3B /* ModelSearchData.swift */; };
		7E268BCE24DE307E0071BF3B /* ModelSearchPagination.swift in Sources */ = {isa = PBXBuildFile; fileRef = 7E268BC024DE307D0071BF3B /* ModelSearchPagination.swift */; };
		7E268BD824DE307E0071BF3B /* ModelSearch.swift in Sources */ = {isa = PBXBuildFile; fileRef = 7E268BCA24DE307E0071BF3B /* ModelSearch.swift */; };
		7E268BE424DE37A10071BF3B /* ModelSearchImage.swift in Sources */ = {isa = PBXBuildFile; fileRef = 7E268BDA24DE37A00071BF3B /* ModelSearchImage.swift */; };
		7E268BEC24DE37A10071BF3B /* ModelSearchStill.swift in Sources */ = {isa = PBXBuildFile; fileRef = 7E268BE224DE37A10071BF3B /* ModelSearchStill.swift */; };
		7E268BEE24DE40A20071BF3B /* SearchViewController.swift in Sources */ = {isa = PBXBuildFile; fileRef = 7E268BED24DE40A20071BF3B /* SearchViewController.swift */; };
		7E268BF024DE40BE0071BF3B /* SearchViewModel.swift in Sources */ = {isa = PBXBuildFile; fileRef = 7E268BEF24DE40BE0071BF3B /* SearchViewModel.swift */; };
		7E268BF224DEF5B00071BF3B /* MasterViewController.swift in Sources */ = {isa = PBXBuildFile; fileRef = 7E268BF124DEF5B00071BF3B /* MasterViewController.swift */; };
		7E268BF924DF81040071BF3B /* GifCollectionViewCell.swift in Sources */ = {isa = PBXBuildFile; fileRef = 7E268BF824DF81040071BF3B /* GifCollectionViewCell.swift */; };
		7E268BFC24E063610071BF3B /* ModelSearchMeta.swift in Sources */ = {isa = PBXBuildFile; fileRef = 7E268BFB24E063600071BF3B /* ModelSearchMeta.swift */; };
		7E268BFF24E06EE30071BF3B /* Utilities.swift in Sources */ = {isa = PBXBuildFile; fileRef = 7E268BFE24E06EE30071BF3B /* Utilities.swift */; };
		7E268C0124E0D9510071BF3B /* GifDetailViewController.swift in Sources */ = {isa = PBXBuildFile; fileRef = 7E268C0024E0D9510071BF3B /* GifDetailViewController.swift */; };
		7E62C26F24E1DF1D0024EAB8 /* Enums.swift in Sources */ = {isa = PBXBuildFile; fileRef = 7E62C26E24E1DF1D0024EAB8 /* Enums.swift */; };
		A99070CCC0D654C3D2335CA4 /* Pods_GifApp.framework in Frameworks */ = {isa = PBXBuildFile; fileRef = 34C07C5FFA5D046D35DB09CE /* Pods_GifApp.framework */; };
/* End PBXBuildFile section */

/* Begin PBXFileReference section */
		34C07C5FFA5D046D35DB09CE /* Pods_GifApp.framework */ = {isa = PBXFileReference; explicitFileType = wrapper.framework; includeInIndex = 0; path = Pods_GifApp.framework; sourceTree = BUILT_PRODUCTS_DIR; };
		7E268B4724DCA03B0071BF3B /* GifApp.app */ = {isa = PBXFileReference; explicitFileType = wrapper.application; includeInIndex = 0; path = GifApp.app; sourceTree = BUILT_PRODUCTS_DIR; };
		7E268B4A24DCA03B0071BF3B /* AppDelegate.swift */ = {isa = PBXFileReference; lastKnownFileType = sourcecode.swift; path = AppDelegate.swift; sourceTree = "<group>"; };
		7E268B4C24DCA03B0071BF3B /* SceneDelegate.swift */ = {isa = PBXFileReference; lastKnownFileType = sourcecode.swift; path = SceneDelegate.swift; sourceTree = "<group>"; };
		7E268B5124DCA03B0071BF3B /* Base */ = {isa = PBXFileReference; lastKnownFileType = file.storyboard; name = Base; path = Base.lproj/Main.storyboard; sourceTree = "<group>"; };
		7E268B5324DCA03F0071BF3B /* Assets.xcassets */ = {isa = PBXFileReference; lastKnownFileType = folder.assetcatalog; path = Assets.xcassets; sourceTree = "<group>"; };
		7E268B5624DCA03F0071BF3B /* Base */ = {isa = PBXFileReference; lastKnownFileType = file.storyboard; name = Base; path = Base.lproj/LaunchScreen.storyboard; sourceTree = "<group>"; };
		7E268B5824DCA03F0071BF3B /* Info.plist */ = {isa = PBXFileReference; lastKnownFileType = text.plist.xml; path = Info.plist; sourceTree = "<group>"; };
		7E268B5F24DCA8E10071BF3B /* Services.swift */ = {isa = PBXFileReference; lastKnownFileType = sourcecode.swift; path = Services.swift; sourceTree = "<group>"; };
		7E268B7B24DCB9900071BF3B /* ModelMeta.swift */ = {isa = PBXFileReference; fileEncoding = 4; lastKnownFileType = sourcecode.swift; path = ModelMeta.swift; sourceTree = "<group>"; };
		7E268B7E24DCB9910071BF3B /* ModelData.swift */ = {isa = PBXFileReference; fileEncoding = 4; lastKnownFileType = sourcecode.swift; path = ModelData.swift; sourceTree = "<group>"; };
		7E268B8224DCB9910071BF3B /* ModelRandom.swift */ = {isa = PBXFileReference; fileEncoding = 4; lastKnownFileType = sourcecode.swift; path = ModelRandom.swift; sourceTree = "<group>"; };
		7E268B8324DCB9910071BF3B /* ModelImage.swift */ = {isa = PBXFileReference; fileEncoding = 4; lastKnownFileType = sourcecode.swift; path = ModelImage.swift; sourceTree = "<group>"; };
		7E268B9024DCBB2D0071BF3B /* Constant.swift */ = {isa = PBXFileReference; lastKnownFileType = sourcecode.swift; path = Constant.swift; sourceTree = "<group>"; };
		7E268B9224DCE1CE0071BF3B /* FirstViewController.swift */ = {isa = PBXFileReference; lastKnownFileType = sourcecode.swift; path = FirstViewController.swift; sourceTree = "<group>"; };
		7E268B9624DCF5E40071BF3B /* Kingfisher.framework */ = {isa = PBXFileReference; explicitFileType = wrapper.framework; path = Kingfisher.framework; sourceTree = BUILT_PRODUCTS_DIR; };
		7E268B9B24DE19A20071BF3B /* FirstViewModel.swift */ = {isa = PBXFileReference; lastKnownFileType = sourcecode.swift; path = FirstViewModel.swift; sourceTree = "<group>"; };
		7E268BBB24DE2EFA0071BF3B /* ModelFixedHeight.swift */ = {isa = PBXFileReference; fileEncoding = 4; lastKnownFileType = sourcecode.swift; path = ModelFixedHeight.swift; sourceTree = "<group>"; };
		7E268BBE24DE307D0071BF3B /* ModelSearchData.swift */ = {isa = PBXFileReference; fileEncoding = 4; lastKnownFileType = sourcecode.swift; path = ModelSearchData.swift; sourceTree = "<group>"; };
		7E268BC024DE307D0071BF3B /* ModelSearchPagination.swift */ = {isa = PBXFileReference; fileEncoding = 4; lastKnownFileType = sourcecode.swift; path = ModelSearchPagination.swift; sourceTree = "<group>"; };
		7E268BCA24DE307E0071BF3B /* ModelSearch.swift */ = {isa = PBXFileReference; fileEncoding = 4; lastKnownFileType = sourcecode.swift; path = ModelSearch.swift; sourceTree = "<group>"; };
		7E268BDA24DE37A00071BF3B /* ModelSearchImage.swift */ = {isa = PBXFileReference; fileEncoding = 4; lastKnownFileType = sourcecode.swift; path = ModelSearchImage.swift; sourceTree = "<group>"; };
		7E268BE224DE37A10071BF3B /* ModelSearchStill.swift */ = {isa = PBXFileReference; fileEncoding = 4; lastKnownFileType = sourcecode.swift; path = ModelSearchStill.swift; sourceTree = "<group>"; };
		7E268BED24DE40A20071BF3B /* SearchViewController.swift */ = {isa = PBXFileReference; lastKnownFileType = sourcecode.swift; path = SearchViewController.swift; sourceTree = "<group>"; };
		7E268BEF24DE40BE0071BF3B /* SearchViewModel.swift */ = {isa = PBXFileReference; lastKnownFileType = sourcecode.swift; path = SearchViewModel.swift; sourceTree = "<group>"; };
		7E268BF124DEF5B00071BF3B /* MasterViewController.swift */ = {isa = PBXFileReference; lastKnownFileType = sourcecode.swift; path = MasterViewController.swift; sourceTree = "<group>"; };
		7E268BF824DF81040071BF3B /* GifCollectionViewCell.swift */ = {isa = PBXFileReference; lastKnownFileType = sourcecode.swift; path = GifCollectionViewCell.swift; sourceTree = "<group>"; };
		7E268BFB24E063600071BF3B /* ModelSearchMeta.swift */ = {isa = PBXFileReference; fileEncoding = 4; lastKnownFileType = sourcecode.swift; path = ModelSearchMeta.swift; sourceTree = "<group>"; };
		7E268BFE24E06EE30071BF3B /* Utilities.swift */ = {isa = PBXFileReference; lastKnownFileType = sourcecode.swift; path = Utilities.swift; sourceTree = "<group>"; };
		7E268C0024E0D9510071BF3B /* GifDetailViewController.swift */ = {isa = PBXFileReference; lastKnownFileType = sourcecode.swift; path = GifDetailViewController.swift; sourceTree = "<group>"; };
		7E62C26E24E1DF1D0024EAB8 /* Enums.swift */ = {isa = PBXFileReference; lastKnownFileType = sourcecode.swift; path = Enums.swift; sourceTree = "<group>"; };
		8E40119A20CAA731C6E4577E /* Pods-GifApp.debug.xcconfig */ = {isa = PBXFileReference; includeInIndex = 1; lastKnownFileType = text.xcconfig; name = "Pods-GifApp.debug.xcconfig"; path = "Target Support Files/Pods-GifApp/Pods-GifApp.debug.xcconfig"; sourceTree = "<group>"; };
		EAA702609019CC7BBEA5D67E /* Pods-GifApp.release.xcconfig */ = {isa = PBXFileReference; includeInIndex = 1; lastKnownFileType = text.xcconfig; name = "Pods-GifApp.release.xcconfig"; path = "Target Support Files/Pods-GifApp/Pods-GifApp.release.xcconfig"; sourceTree = "<group>"; };
/* End PBXFileReference section */

/* Begin PBXFrameworksBuildPhase section */
		7E268B4424DCA03A0071BF3B /* Frameworks */ = {
			isa = PBXFrameworksBuildPhase;
			buildActionMask = 2147483647;
			files = (
				7E268B9724DCF5E40071BF3B /* Kingfisher.framework in Frameworks */,
				A99070CCC0D654C3D2335CA4 /* Pods_GifApp.framework in Frameworks */,
			);
			runOnlyForDeploymentPostprocessing = 0;
		};
/* End PBXFrameworksBuildPhase section */

/* Begin PBXGroup section */
		5DCF53B444BC5158E5110E43 /* Frameworks */ = {
			isa = PBXGroup;
			children = (
				7E268B9624DCF5E40071BF3B /* Kingfisher.framework */,
				34C07C5FFA5D046D35DB09CE /* Pods_GifApp.framework */,
			);
			name = Frameworks;
			sourceTree = "<group>";
		};
		7E268B3E24DCA03A0071BF3B = {
			isa = PBXGroup;
			children = (
				7E268B4924DCA03B0071BF3B /* GifApp */,
				7E268B4824DCA03B0071BF3B /* Products */,
				CA52A9C66B510BC38B5C146C /* Pods */,
				5DCF53B444BC5158E5110E43 /* Frameworks */,
			);
			sourceTree = "<group>";
		};
		7E268B4824DCA03B0071BF3B /* Products */ = {
			isa = PBXGroup;
			children = (
				7E268B4724DCA03B0071BF3B /* GifApp.app */,
			);
			name = Products;
			sourceTree = "<group>";
		};
		7E268B4924DCA03B0071BF3B /* GifApp */ = {
			isa = PBXGroup;
			children = (
				7E268BFA24DF90B40071BF3B /* StoryBoard */,
				7E268B6124DCA9050071BF3B /* Model */,
				7E268BF324DF774D0071BF3B /* View */,
				7E268B9A24DE19750071BF3B /* ViewModel */,
				7E268B9D24DE21E80071BF3B /* Controller */,
				7E268B8F24DCBB170071BF3B /* Utilities */,
				7E268B5E24DCA7090071BF3B /* Services */,
				7E268BFD24E06EC10071BF3B /* Resources */,
			);
			path = GifApp;
			sourceTree = "<group>";
		};
		7E268B5E24DCA7090071BF3B /* Services */ = {
			isa = PBXGroup;
			children = (
				7E268B5F24DCA8E10071BF3B /* Services.swift */,
			);
			path = Services;
			sourceTree = "<group>";
		};
		7E268B6124DCA9050071BF3B /* Model */ = {
			isa = PBXGroup;
			children = (
				7E268B9E24DE2CAB0071BF3B /* SearchGifModel */,
				7E268B6224DCA9230071BF3B /* RandomGifModel */,
			);
			path = Model;
			sourceTree = "<group>";
		};
		7E268B6224DCA9230071BF3B /* RandomGifModel */ = {
			isa = PBXGroup;
			children = (
				7E268B8224DCB9910071BF3B /* ModelRandom.swift */,
				7E268B7E24DCB9910071BF3B /* ModelData.swift */,
				7E268B7B24DCB9900071BF3B /* ModelMeta.swift */,
				7E268B8324DCB9910071BF3B /* ModelImage.swift */,
				7E268BBB24DE2EFA0071BF3B /* ModelFixedHeight.swift */,
			);
			path = RandomGifModel;
			sourceTree = "<group>";
		};
		7E268B8F24DCBB170071BF3B /* Utilities */ = {
			isa = PBXGroup;
			children = (
				7E268B9024DCBB2D0071BF3B /* Constant.swift */,
				7E268BFE24E06EE30071BF3B /* Utilities.swift */,
				7E62C26E24E1DF1D0024EAB8 /* Enums.swift */,
			);
			path = Utilities;
			sourceTree = "<group>";
		};
		7E268B9A24DE19750071BF3B /* ViewModel */ = {
			isa = PBXGroup;
			children = (
				7E268B9B24DE19A20071BF3B /* FirstViewModel.swift */,
				7E268BEF24DE40BE0071BF3B /* SearchViewModel.swift */,
			);
			path = ViewModel;
			sourceTree = "<group>";
		};
		7E268B9D24DE21E80071BF3B /* Controller */ = {
			isa = PBXGroup;
			children = (
				7E268B9224DCE1CE0071BF3B /* FirstViewController.swift */,
				7E268BED24DE40A20071BF3B /* SearchViewController.swift */,
				7E268BF124DEF5B00071BF3B /* MasterViewController.swift */,
				7E268C0024E0D9510071BF3B /* GifDetailViewController.swift */,
			);
			path = Controller;
			sourceTree = "<group>";
		};
		7E268B9E24DE2CAB0071BF3B /* SearchGifModel */ = {
			isa = PBXGroup;
			children = (
				7E268BCA24DE307E0071BF3B /* ModelSearch.swift */,
				7E268BBE24DE307D0071BF3B /* ModelSearchData.swift */,
				7E268BC024DE307D0071BF3B /* ModelSearchPagination.swift */,
				7E268BFB24E063600071BF3B /* ModelSearchMeta.swift */,
				7E268BDA24DE37A00071BF3B /* ModelSearchImage.swift */,
				7E268BE224DE37A10071BF3B /* ModelSearchStill.swift */,
			);
			path = SearchGifModel;
			sourceTree = "<group>";
		};
		7E268BF324DF774D0071BF3B /* View */ = {
			isa = PBXGroup;
			children = (
				7E268BF824DF81040071BF3B /* GifCollectionViewCell.swift */,
			);
			path = View;
			sourceTree = "<group>";
		};
		7E268BFA24DF90B40071BF3B /* StoryBoard */ = {
			isa = PBXGroup;
			children = (
				7E268B5524DCA03F0071BF3B /* LaunchScreen.storyboard */,
				7E268B5024DCA03B0071BF3B /* Main.storyboard */,
			);
			path = StoryBoard;
			sourceTree = "<group>";
		};
		7E268BFD24E06EC10071BF3B /* Resources */ = {
			isa = PBXGroup;
			children = (
				7E268B4A24DCA03B0071BF3B /* AppDelegate.swift */,
				7E268B4C24DCA03B0071BF3B /* SceneDelegate.swift */,
				7E268B5324DCA03F0071BF3B /* Assets.xcassets */,
				7E268B5824DCA03F0071BF3B /* Info.plist */,
			);
			path = Resources;
			sourceTree = "<group>";
		};
		CA52A9C66B510BC38B5C146C /* Pods */ = {
			isa = PBXGroup;
			children = (
				8E40119A20CAA731C6E4577E /* Pods-GifApp.debug.xcconfig */,
				EAA702609019CC7BBEA5D67E /* Pods-GifApp.release.xcconfig */,
			);
			path = Pods;
			sourceTree = "<group>";
		};
/* End PBXGroup section */

/* Begin PBXNativeTarget section */
		7E268B4624DCA03A0071BF3B /* GifApp */ = {
			isa = PBXNativeTarget;
			buildConfigurationList = 7E268B5B24DCA03F0071BF3B /* Build configuration list for PBXNativeTarget "GifApp" */;
			buildPhases = (
				BCDC3E06E87890AACFBD4DF0 /* [CP] Check Pods Manifest.lock */,
				7E268B4324DCA03A0071BF3B /* Sources */,
				7E268B4424DCA03A0071BF3B /* Frameworks */,
				7E268B4524DCA03A0071BF3B /* Resources */,
				58F94B99F3E6F9B61EB214F3 /* [CP] Embed Pods Frameworks */,
			);
			buildRules = (
			);
			dependencies = (
			);
			name = GifApp;
			productName = GifApp;
			productReference = 7E268B4724DCA03B0071BF3B /* GifApp.app */;
			productType = "com.apple.product-type.application";
		};
/* End PBXNativeTarget section */

/* Begin PBXProject section */
		7E268B3F24DCA03A0071BF3B /* Project object */ = {
			isa = PBXProject;
			attributes = {
				LastSwiftUpdateCheck = 1130;
				LastUpgradeCheck = 1130;
				ORGANIZATIONNAME = Hamza;
				TargetAttributes = {
					7E268B4624DCA03A0071BF3B = {
						CreatedOnToolsVersion = 11.3.1;
					};
				};
			};
			buildConfigurationList = 7E268B4224DCA03A0071BF3B /* Build configuration list for PBXProject "GifApp" */;
			compatibilityVersion = "Xcode 9.3";
			developmentRegion = en;
			hasScannedForEncodings = 0;
			knownRegions = (
				en,
				Base,
			);
			mainGroup = 7E268B3E24DCA03A0071BF3B;
			productRefGroup = 7E268B4824DCA03B0071BF3B /* Products */;
			projectDirPath = "";
			projectRoot = "";
			targets = (
				7E268B4624DCA03A0071BF3B /* GifApp */,
			);
		};
/* End PBXProject section */

/* Begin PBXResourcesBuildPhase section */
		7E268B4524DCA03A0071BF3B /* Resources */ = {
			isa = PBXResourcesBuildPhase;
			buildActionMask = 2147483647;
			files = (
				7E268B5724DCA03F0071BF3B /* LaunchScreen.storyboard in Resources */,
				7E268B5424DCA03F0071BF3B /* Assets.xcassets in Resources */,
				7E268B5224DCA03B0071BF3B /* Main.storyboard in Resources */,
			);
			runOnlyForDeploymentPostprocessing = 0;
		};
/* End PBXResourcesBuildPhase section */

/* Begin PBXShellScriptBuildPhase section */
		58F94B99F3E6F9B61EB214F3 /* [CP] Embed Pods Frameworks */ = {
			isa = PBXShellScriptBuildPhase;
			buildActionMask = 2147483647;
			files = (
			);
			inputFileListPaths = (
				"${PODS_ROOT}/Target Support Files/Pods-GifApp/Pods-GifApp-frameworks-${CONFIGURATION}-input-files.xcfilelist",
			);
			name = "[CP] Embed Pods Frameworks";
			outputFileListPaths = (
				"${PODS_ROOT}/Target Support Files/Pods-GifApp/Pods-GifApp-frameworks-${CONFIGURATION}-output-files.xcfilelist",
			);
			runOnlyForDeploymentPostprocessing = 0;
			shellPath = /bin/sh;
			shellScript = "\"${PODS_ROOT}/Target Support Files/Pods-GifApp/Pods-GifApp-frameworks.sh\"\n";
			showEnvVarsInLog = 0;
		};
		BCDC3E06E87890AACFBD4DF0 /* [CP] Check Pods Manifest.lock */ = {
			isa = PBXShellScriptBuildPhase;
			buildActionMask = 2147483647;
			files = (
			);
			inputFileListPaths = (
			);
			inputPaths = (
				"${PODS_PODFILE_DIR_PATH}/Podfile.lock",
				"${PODS_ROOT}/Manifest.lock",
			);
			name = "[CP] Check Pods Manifest.lock";
			outputFileListPaths = (
			);
			outputPaths = (
				"$(DERIVED_FILE_DIR)/Pods-GifApp-checkManifestLockResult.txt",
			);
			runOnlyForDeploymentPostprocessing = 0;
			shellPath = /bin/sh;
			shellScript = "diff \"${PODS_PODFILE_DIR_PATH}/Podfile.lock\" \"${PODS_ROOT}/Manifest.lock\" > /dev/null\nif [ $? != 0 ] ; then\n    # print error to STDERR\n    echo \"error: The sandbox is not in sync with the Podfile.lock. Run 'pod install' or update your CocoaPods installation.\" >&2\n    exit 1\nfi\n# This output is used by Xcode 'outputs' to avoid re-running this script phase.\necho \"SUCCESS\" > \"${SCRIPT_OUTPUT_FILE_0}\"\n";
			showEnvVarsInLog = 0;
		};
/* End PBXShellScriptBuildPhase section */

/* Begin PBXSourcesBuildPhase section */
		7E268B4324DCA03A0071BF3B /* Sources */ = {
			isa = PBXSourcesBuildPhase;
			buildActionMask = 2147483647;
			files = (
				7E268BF224DEF5B00071BF3B /* MasterViewController.swift in Sources */,
				7E268B9324DCE1CE0071BF3B /* FirstViewController.swift in Sources */,
				7E268BFF24E06EE30071BF3B /* Utilities.swift in Sources */,
				7E268B9124DCBB2D0071BF3B /* Constant.swift in Sources */,
				7E268BD824DE307E0071BF3B /* ModelSearch.swift in Sources */,
				7E268BEC24DE37A10071BF3B /* ModelSearchStill.swift in Sources */,
				7E268BFC24E063610071BF3B /* ModelSearchMeta.swift in Sources */,
				7E268BF024DE40BE0071BF3B /* SearchViewModel.swift in Sources */,
				7E268C0124E0D9510071BF3B /* GifDetailViewController.swift in Sources */,
				7E268BF924DF81040071BF3B /* GifCollectionViewCell.swift in Sources */,
				7E268B9C24DE19A20071BF3B /* FirstViewModel.swift in Sources */,
				7E268B8E24DCB9910071BF3B /* ModelImage.swift in Sources */,
				7E268BBC24DE2EFB0071BF3B /* ModelFixedHeight.swift in Sources */,
				7E268BCC24DE307E0071BF3B /* ModelSearchData.swift in Sources */,
				7E268BCE24DE307E0071BF3B /* ModelSearchPagination.swift in Sources */,
				7E268B6024DCA8E10071BF3B /* Services.swift in Sources */,
				7E268B8624DCB9910071BF3B /* ModelMeta.swift in Sources */,
				7E268B8D24DCB9910071BF3B /* ModelRandom.swift in Sources */,
				7E268BEE24DE40A20071BF3B /* SearchViewController.swift in Sources */,
				7E268B8924DCB9910071BF3B /* ModelData.swift in Sources */,
				7E268B4B24DCA03B0071BF3B /* AppDelegate.swift in Sources */,
				7E268BE424DE37A10071BF3B /* ModelSearchImage.swift in Sources */,
				7E62C26F24E1DF1D0024EAB8 /* Enums.swift in Sources */,
				7E268B4D24DCA03B0071BF3B /* SceneDelegate.swift in Sources */,
			);
			runOnlyForDeploymentPostprocessing = 0;
		};
/* End PBXSourcesBuildPhase section */

/* Begin PBXVariantGroup section */
		7E268B5024DCA03B0071BF3B /* Main.storyboard */ = {
			isa = PBXVariantGroup;
			children = (
				7E268B5124DCA03B0071BF3B /* Base */,
			);
			name = Main.storyboard;
			sourceTree = "<group>";
		};
		7E268B5524DCA03F0071BF3B /* LaunchScreen.storyboard */ = {
			isa = PBXVariantGroup;
			children = (
				7E268B5624DCA03F0071BF3B /* Base */,
			);
			name = LaunchScreen.storyboard;
			sourceTree = "<group>";
		};
/* End PBXVariantGroup section */

/* Begin XCBuildConfiguration section */
		7E268B5924DCA03F0071BF3B /* Debug */ = {
			isa = XCBuildConfiguration;
			buildSettings = {
				ALWAYS_SEARCH_USER_PATHS = NO;
				CLANG_ANALYZER_NONNULL = YES;
				CLANG_ANALYZER_NUMBER_OBJECT_CONVERSION = YES_AGGRESSIVE;
				CLANG_CXX_LANGUAGE_STANDARD = "gnu++14";
				CLANG_CXX_LIBRARY = "libc++";
				CLANG_ENABLE_MODULES = YES;
				CLANG_ENABLE_OBJC_ARC = YES;
				CLANG_ENABLE_OBJC_WEAK = YES;
				CLANG_WARN_BLOCK_CAPTURE_AUTORELEASING = YES;
				CLANG_WARN_BOOL_CONVERSION = YES;
				CLANG_WARN_COMMA = YES;
				CLANG_WARN_CONSTANT_CONVERSION = YES;
				CLANG_WARN_DEPRECATED_OBJC_IMPLEMENTATIONS = YES;
				CLANG_WARN_DIRECT_OBJC_ISA_USAGE = YES_ERROR;
				CLANG_WARN_DOCUMENTATION_COMMENTS = YES;
				CLANG_WARN_EMPTY_BODY = YES;
				CLANG_WARN_ENUM_CONVERSION = YES;
				CLANG_WARN_INFINITE_RECURSION = YES;
				CLANG_WARN_INT_CONVERSION = YES;
				CLANG_WARN_NON_LITERAL_NULL_CONVERSION = YES;
				CLANG_WARN_OBJC_IMPLICIT_RETAIN_SELF = YES;
				CLANG_WARN_OBJC_LITERAL_CONVERSION = YES;
				CLANG_WARN_OBJC_ROOT_CLASS = YES_ERROR;
				CLANG_WARN_RANGE_LOOP_ANALYSIS = YES;
				CLANG_WARN_STRICT_PROTOTYPES = YES;
				CLANG_WARN_SUSPICIOUS_MOVE = YES;
				CLANG_WARN_UNGUARDED_AVAILABILITY = YES_AGGRESSIVE;
				CLANG_WARN_UNREACHABLE_CODE = YES;
				CLANG_WARN__DUPLICATE_METHOD_MATCH = YES;
				COPY_PHASE_STRIP = NO;
				DEBUG_INFORMATION_FORMAT = dwarf;
				ENABLE_STRICT_OBJC_MSGSEND = YES;
				ENABLE_TESTABILITY = YES;
				GCC_C_LANGUAGE_STANDARD = gnu11;
				GCC_DYNAMIC_NO_PIC = NO;
				GCC_NO_COMMON_BLOCKS = YES;
				GCC_OPTIMIZATION_LEVEL = 0;
				GCC_PREPROCESSOR_DEFINITIONS = (
					"DEBUG=1",
					"$(inherited)",
				);
				GCC_WARN_64_TO_32_BIT_CONVERSION = YES;
				GCC_WARN_ABOUT_RETURN_TYPE = YES_ERROR;
				GCC_WARN_UNDECLARED_SELECTOR = YES;
				GCC_WARN_UNINITIALIZED_AUTOS = YES_AGGRESSIVE;
				GCC_WARN_UNUSED_FUNCTION = YES;
				GCC_WARN_UNUSED_VARIABLE = YES;
				IPHONEOS_DEPLOYMENT_TARGET = 13.2;
				MTL_ENABLE_DEBUG_INFO = INCLUDE_SOURCE;
				MTL_FAST_MATH = YES;
				ONLY_ACTIVE_ARCH = YES;
				SDKROOT = iphoneos;
				SWIFT_ACTIVE_COMPILATION_CONDITIONS = DEBUG;
				SWIFT_OPTIMIZATION_LEVEL = "-Onone";
			};
			name = Debug;
		};
		7E268B5A24DCA03F0071BF3B /* Release */ = {
			isa = XCBuildConfiguration;
			buildSettings = {
				ALWAYS_SEARCH_USER_PATHS = NO;
				CLANG_ANALYZER_NONNULL = YES;
				CLANG_ANALYZER_NUMBER_OBJECT_CONVERSION = YES_AGGRESSIVE;
				CLANG_CXX_LANGUAGE_STANDARD = "gnu++14";
				CLANG_CXX_LIBRARY = "libc++";
				CLANG_ENABLE_MODULES = YES;
				CLANG_ENABLE_OBJC_ARC = YES;
				CLANG_ENABLE_OBJC_WEAK = YES;
				CLANG_WARN_BLOCK_CAPTURE_AUTORELEASING = YES;
				CLANG_WARN_BOOL_CONVERSION = YES;
				CLANG_WARN_COMMA = YES;
				CLANG_WARN_CONSTANT_CONVERSION = YES;
				CLANG_WARN_DEPRECATED_OBJC_IMPLEMENTATIONS = YES;
				CLANG_WARN_DIRECT_OBJC_ISA_USAGE = YES_ERROR;
				CLANG_WARN_DOCUMENTATION_COMMENTS = YES;
				CLANG_WARN_EMPTY_BODY = YES;
				CLANG_WARN_ENUM_CONVERSION = YES;
				CLANG_WARN_INFINITE_RECURSION = YES;
				CLANG_WARN_INT_CONVERSION = YES;
				CLANG_WARN_NON_LITERAL_NULL_CONVERSION = YES;
				CLANG_WARN_OBJC_IMPLICIT_RETAIN_SELF = YES;
				CLANG_WARN_OBJC_LITERAL_CONVERSION = YES;
				CLANG_WARN_OBJC_ROOT_CLASS = YES_ERROR;
				CLANG_WARN_RANGE_LOOP_ANALYSIS = YES;
				CLANG_WARN_STRICT_PROTOTYPES = YES;
				CLANG_WARN_SUSPICIOUS_MOVE = YES;
				CLANG_WARN_UNGUARDED_AVAILABILITY = YES_AGGRESSIVE;
				CLANG_WARN_UNREACHABLE_CODE = YES;
				CLANG_WARN__DUPLICATE_METHOD_MATCH = YES;
				COPY_PHASE_STRIP = NO;
				DEBUG_INFORMATION_FORMAT = "dwarf-with-dsym";
				ENABLE_NS_ASSERTIONS = NO;
				ENABLE_STRICT_OBJC_MSGSEND = YES;
				GCC_C_LANGUAGE_STANDARD = gnu11;
				GCC_NO_COMMON_BLOCKS = YES;
				GCC_WARN_64_TO_32_BIT_CONVERSION = YES;
				GCC_WARN_ABOUT_RETURN_TYPE = YES_ERROR;
				GCC_WARN_UNDECLARED_SELECTOR = YES;
				GCC_WARN_UNINITIALIZED_AUTOS = YES_AGGRESSIVE;
				GCC_WARN_UNUSED_FUNCTION = YES;
				GCC_WARN_UNUSED_VARIABLE = YES;
				IPHONEOS_DEPLOYMENT_TARGET = 13.2;
				MTL_ENABLE_DEBUG_INFO = NO;
				MTL_FAST_MATH = YES;
				SDKROOT = iphoneos;
				SWIFT_COMPILATION_MODE = wholemodule;
				SWIFT_OPTIMIZATION_LEVEL = "-O";
				VALIDATE_PRODUCT = YES;
			};
			name = Release;
		};
		7E268B5C24DCA03F0071BF3B /* Debug */ = {
			isa = XCBuildConfiguration;
			baseConfigurationReference = 8E40119A20CAA731C6E4577E /* Pods-GifApp.debug.xcconfig */;
			buildSettings = {
				ASSETCATALOG_COMPILER_APPICON_NAME = AppIcon;
				CODE_SIGN_STYLE = Automatic;
				INFOPLIST_FILE = GifApp/Resources/Info.plist;
				IPHONEOS_DEPLOYMENT_TARGET = 13.0;
				LD_RUNPATH_SEARCH_PATHS = (
					"$(inherited)",
					"@executable_path/Frameworks",
				);
				PRODUCT_BUNDLE_IDENTIFIER = Hamza.GifApp;
				PRODUCT_NAME = "$(TARGET_NAME)";
				SWIFT_VERSION = 5.0;
				TARGETED_DEVICE_FAMILY = 1;
			};
			name = Debug;
		};
		7E268B5D24DCA03F0071BF3B /* Release */ = {
			isa = XCBuildConfiguration;
			baseConfigurationReference = EAA702609019CC7BBEA5D67E /* Pods-GifApp.release.xcconfig */;
			buildSettings = {
				ASSETCATALOG_COMPILER_APPICON_NAME = AppIcon;
				CODE_SIGN_STYLE = Automatic;
				INFOPLIST_FILE = GifApp/Resources/Info.plist;
				IPHONEOS_DEPLOYMENT_TARGET = 13.0;
				LD_RUNPATH_SEARCH_PATHS = (
					"$(inherited)",
					"@executable_path/Frameworks",
				);
				PRODUCT_BUNDLE_IDENTIFIER = Hamza.GifApp;
				PRODUCT_NAME = "$(TARGET_NAME)";
				SWIFT_VERSION = 5.0;
				TARGETED_DEVICE_FAMILY = 1;
			};
			name = Release;
		};
/* End XCBuildConfiguration section */

/* Begin XCConfigurationList section */
		7E268B4224DCA03A0071BF3B /* Build configuration list for PBXProject "GifApp" */ = {
			isa = XCConfigurationList;
			buildConfigurations = (
				7E268B5924DCA03F0071BF3B /* Debug */,
				7E268B5A24DCA03F0071BF3B /* Release */,
			);
			defaultConfigurationIsVisible = 0;
			defaultConfigurationName = Release;
		};
		7E268B5B24DCA03F0071BF3B /* Build configuration list for PBXNativeTarget "GifApp" */ = {
			isa = XCConfigurationList;
			buildConfigurations = (
				7E268B5C24DCA03F0071BF3B /* Debug */,
				7E268B5D24DCA03F0071BF3B /* Release */,
			);
			defaultConfigurationIsVisible = 0;
			defaultConfigurationName = Release;
		};
/* End XCConfigurationList section */
	};
	rootObject = 7E268B3F24DCA03A0071BF3B /* Project object */;
}
